// !$*UTF8*$!
{
	archiveVersion = 1;
	classes = {
	};
	objectVersion = 50;
	objects = {

/* Begin PBXBuildFile section */
		2C6892CB244771DE00F8CA71 /* AppDelegate.swift in Sources */ = {isa = PBXBuildFile; fileRef = 2C6892CA244771DE00F8CA71 /* AppDelegate.swift */; };
		2C6892CD244771DE00F8CA71 /* SceneDelegate.swift in Sources */ = {isa = PBXBuildFile; fileRef = 2C6892CC244771DE00F8CA71 /* SceneDelegate.swift */; };
		2C6892CF244771DE00F8CA71 /* ContentView.swift in Sources */ = {isa = PBXBuildFile; fileRef = 2C6892CE244771DE00F8CA71 /* ContentView.swift */; };
		2C6892D1244771E100F8CA71 /* Assets.xcassets in Resources */ = {isa = PBXBuildFile; fileRef = 2C6892D0244771E100F8CA71 /* Assets.xcassets */; };
		2C6892D4244771E100F8CA71 /* Preview Assets.xcassets in Resources */ = {isa = PBXBuildFile; fileRef = 2C6892D3244771E100F8CA71 /* Preview Assets.xcassets */; };
		2C6892D7244771E100F8CA71 /* LaunchScreen.storyboard in Resources */ = {isa = PBXBuildFile; fileRef = 2C6892D5244771E100F8CA71 /* LaunchScreen.storyboard */; };
/* End PBXBuildFile section */

/* Begin PBXFileReference section */
		2C6892C7244771DE00F8CA71 /* StoreKitReview.app */ = {isa = PBXFileReference; explicitFileType = wrapper.application; includeInIndex = 0; path = StoreKitReview.app; sourceTree = BUILT_PRODUCTS_DIR; };
		2C6892CA244771DE00F8CA71 /* AppDelegate.swift */ = {isa = PBXFileReference; lastKnownFileType = sourcecode.swift; path = AppDelegate.swift; sourceTree = "<group>"; };
		2C6892CC244771DE00F8CA71 /* SceneDelegate.swift */ = {isa = PBXFileReference; lastKnownFileType = sourcecode.swift; path = SceneDelegate.swift; sourceTree = "<group>"; };
		2C6892CE244771DE00F8CA71 /* ContentView.swift */ = {isa = PBXFileReference; lastKnownFileType = sourcecode.swift; path = ContentView.swift; sourceTree = "<group>"; };
		2C6892D0244771E100F8CA71 /* Assets.xcassets */ = {isa = PBXFileReference; lastKnownFileType = folder.assetcatalog; path = Assets.xcassets; sourceTree = "<group>"; };
		2C6892D3244771E100F8CA71 /* Preview Assets.xcassets */ = {isa = PBXFileReference; lastKnownFileType = folder.assetcatalog; path = "Preview Assets.xcassets"; sourceTree = "<group>"; };
		2C6892D6244771E100F8CA71 /* Base */ = {isa = PBXFileReference; lastKnownFileType = file.storyboard; name = Base; path = Base.lproj/LaunchScreen.storyboard; sourceTree = "<group>"; };
		2C6892D8244771E100F8CA71 /* Info.plist */ = {isa = PBXFileReference; lastKnownFileType = text.plist.xml; path = Info.plist; sourceTree = "<group>"; };
/* End PBXFileReference section */

/* Begin PBXFrameworksBuildPhase section */
		2C6892C4244771DE00F8CA71 /* Frameworks */ = {
			isa = PBXFrameworksBuildPhase;
			buildActionMask = 2147483647;
			files = (
			);
			runOnlyForDeploymentPostprocessing = 0;
		};
/* End PBXFrameworksBuildPhase section */

/* Begin PBXGroup section */
		2C6892BE244771DE00F8CA71 = {
			isa = PBXGroup;
			children = (
				2C6892C9244771DE00F8CA71 /* StoreKitReview */,
				2C6892C8244771DE00F8CA71 /* Products */,
			);
			sourceTree = "<group>";
		};
		2C6892C8244771DE00F8CA71 /* Products */ = {
			isa = PBXGroup;
			children = (
				2C6892C7244771DE00F8CA71 /* StoreKitReview.app */,
			);
			name = Products;
			sourceTree = "<group>";
		};
		2C6892C9244771DE00F8CA71 /* StoreKitReview */ = {
			isa = PBXGroup;
			children = (
				2C6892CA244771DE00F8CA71 /* AppDelegate.swift */,
				2C6892CC244771DE00F8CA71 /* SceneDelegate.swift */,
				2C6892CE244771DE00F8CA71 /* ContentView.swift */,
				2C6892D0244771E100F8CA71 /* Assets.xcassets */,
				2C6892D5244771E100F8CA71 /* LaunchScreen.storyboard */,
				2C6892D8244771E100F8CA71 /* Info.plist */,
				2C6892D2244771E100F8CA71 /* Preview Content */,
			);
			path = StoreKitReview;
			sourceTree = "<group>";
		};
		2C6892D2244771E100F8CA71 /* Preview Content */ = {
			isa = PBXGroup;
			children = (
				2C6892D3244771E100F8CA71 /* Preview Assets.xcassets */,
			);
			path = "Preview Content";
			sourceTree = "<group>";
		};
/* End PBXGroup section */

/* Begin PBXNativeTarget section */
		2C6892C6244771DE00F8CA71 /* StoreKitReview */ = {
			isa = PBXNativeTarget;
			buildConfigurationList = 2C6892DB244771E100F8CA71 /* Build configuration list for PBXNativeTarget "StoreKitReview" */;
			buildPhases = (
				2C6892C3244771DE00F8CA71 /* Sources */,
				2C6892C4244771DE00F8CA71 /* Frameworks */,
				2C6892C5244771DE00F8CA71 /* Resources */,
			);
			buildRules = (
			);
			dependencies = (
			);
			name = StoreKitReview;
			productName = StoreKitReview;
			productReference = 2C6892C7244771DE00F8CA71 /* StoreKitReview.app */;
			productType = "com.apple.product-type.application";
		};
/* End PBXNativeTarget section */

/* Begin PBXProject section */
		2C6892BF244771DE00F8CA71 /* Project object */ = {
			isa = PBXProject;
			attributes = {
				LastSwiftUpdateCheck = 1140;
				LastUpgradeCheck = 1140;
				ORGANIZATIONNAME = "Eduard Galchenko";
				TargetAttributes = {
					2C6892C6244771DE00F8CA71 = {
						CreatedOnToolsVersion = 11.4;
					};
				};
			};
			buildConfigurationList = 2C6892C2244771DE00F8CA71 /* Build configuration list for PBXProject "StoreKitReview" */;
			compatibilityVersion = "Xcode 9.3";
			developmentRegion = en;
			hasScannedForEncodings = 0;
			knownRegions = (
				en,
				Base,
			);
			mainGroup = 2C6892BE244771DE00F8CA71;
			productRefGroup = 2C6892C8244771DE00F8CA71 /* Products */;
			projectDirPath = "";
			projectRoot = "";
			targets = (
				2C6892C6244771DE00F8CA71 /* StoreKitReview */,
			);
		};
/* End PBXProject section */

/* Begin PBXResourcesBuildPhase section */
		2C6892C5244771DE00F8CA71 /* Resources */ = {
			isa = PBXResourcesBuildPhase;
			buildActionMask = 2147483647;
			files = (
				2C6892D7244771E100F8CA71 /* LaunchScreen.storyboard in Resources */,
				2C6892D4244771E100F8CA71 /* Preview Assets.xcassets in Resources */,
				2C6892D1244771E100F8CA71 /* Assets.xcassets in Resources */,
			);
			runOnlyForDeploymentPostprocessing = 0;
		};
/* End PBXResourcesBuildPhase section */

/* Begin PBXSourcesBuildPhase section */
		2C6892C3244771DE00F8CA71 /* Sources */ = {
			isa = PBXSourcesBuildPhase;
			buildActionMask = 2147483647;
			files = (
				2C6892CB244771DE00F8CA71 /* AppDelegate.swift in Sources */,
				2C6892CD244771DE00F8CA71 /* SceneDelegate.swift in Sources */,
				2C6892CF244771DE00F8CA71 /* ContentView.swift in Sources */,
			);
			runOnlyForDeploymentPostprocessing = 0;
		};
/* End PBXSourcesBuildPhase section */

/* Begin PBXVariantGroup section */
		2C6892D5244771E100F8CA71 /* LaunchScreen.storyboard */ = {
			isa = PBXVariantGroup;
			children = (
				2C6892D6244771E100F8CA71 /* Base */,
			);
			name = LaunchScreen.storyboard;
			sourceTree = "<group>";
		};
/* End PBXVariantGroup section */

/* Begin XCBuildConfiguration section */
		2C6892D9244771E100F8CA71 /* Debug */ = {
			isa = XCBuildConfiguration;
			buildSettings = {
				ALWAYS_SEARCH_USER_PATHS = NO;
				CLANG_ANALYZER_NONNULL = YES;
				CLANG_ANALYZER_NUMBER_OBJECT_CONVERSION = YES_AGGRESSIVE;
				CLANG_CXX_LANGUAGE_STANDARD = "gnu++14";
				CLANG_CXX_LIBRARY = "libc++";
				CLANG_ENABLE_MODULES = YES;
				CLANG_ENABLE_OBJC_ARC = YES;
				CLANG_ENABLE_OBJC_WEAK = YES;
				CLANG_WARN_BLOCK_CAPTURE_AUTORELEASING = YES;
				CLANG_WARN_BOOL_CONVERSION = YES;
				CLANG_WARN_COMMA = YES;
				CLANG_WARN_CONSTANT_CONVERSION = YES;
				CLANG_WARN_DEPRECATED_OBJC_IMPLEMENTATIONS = YES;
				CLANG_WARN_DIRECT_OBJC_ISA_USAGE = YES_ERROR;
				CLANG_WARN_DOCUMENTATION_COMMENTS = YES;
				CLANG_WARN_EMPTY_BODY = YES;
				CLANG_WARN_ENUM_CONVERSION = YES;
				CLANG_WARN_INFINITE_RECURSION = YES;
				CLANG_WARN_INT_CONVERSION = YES;
				CLANG_WARN_NON_LITERAL_NULL_CONVERSION = YES;
				CLANG_WARN_OBJC_IMPLICIT_RETAIN_SELF = YES;
				CLANG_WARN_OBJC_LITERAL_CONVERSION = YES;
				CLANG_WARN_OBJC_ROOT_CLASS = YES_ERROR;
				CLANG_WARN_RANGE_LOOP_ANALYSIS = YES;
				CLANG_WARN_STRICT_PROTOTYPES = YES;
				CLANG_WARN_SUSPICIOUS_MOVE = YES;
				CLANG_WARN_UNGUARDED_AVAILABILITY = YES_AGGRESSIVE;
				CLANG_WARN_UNREACHABLE_CODE = YES;
				CLANG_WARN__DUPLICATE_METHOD_MATCH = YES;
				COPY_PHASE_STRIP = NO;
				DEBUG_INFORMATION_FORMAT = dwarf;
				ENABLE_STRICT_OBJC_MSGSEND = YES;
				ENABLE_TESTABILITY = YES;
				GCC_C_LANGUAGE_STANDARD = gnu11;
				GCC_DYNAMIC_NO_PIC = NO;
				GCC_NO_COMMON_BLOCKS = YES;
				GCC_OPTIMIZATION_LEVEL = 0;
				GCC_PREPROCESSOR_DEFINITIONS = (
					"DEBUG=1",
					"$(inherited)",
				);
				GCC_WARN_64_TO_32_BIT_CONVERSION = YES;
				GCC_WARN_ABOUT_RETURN_TYPE = YES_ERROR;
				GCC_WARN_UNDECLARED_SELECTOR = YES;
				GCC_WARN_UNINITIALIZED_AUTOS = YES_AGGRESSIVE;
				GCC_WARN_UNUSED_FUNCTION = YES;
				GCC_WARN_UNUSED_VARIABLE = YES;
				IPHONEOS_DEPLOYMENT_TARGET = 13.4;
				MTL_ENABLE_DEBUG_INFO = INCLUDE_SOURCE;
				MTL_FAST_MATH = YES;
				ONLY_ACTIVE_ARCH = YES;
				SDKROOT = iphoneos;
				SWIFT_ACTIVE_COMPILATION_CONDITIONS = DEBUG;
				SWIFT_OPTIMIZATION_LEVEL = "-Onone";
			};
			name = Debug;
		};
		2C6892DA244771E100F8CA71 /* Release */ = {
			isa = XCBuildConfiguration;
			buildSettings = {
				ALWAYS_SEARCH_USER_PATHS = NO;
				CLANG_ANALYZER_NONNULL = YES;
				CLANG_ANALYZER_NUMBER_OBJECT_CONVERSION = YES_AGGRESSIVE;
				CLANG_CXX_LANGUAGE_STANDARD = "gnu++14";
				CLANG_CXX_LIBRARY = "libc++";
				CLANG_ENABLE_MODULES = YES;
				CLANG_ENABLE_OBJC_ARC = YES;
				CLANG_ENABLE_OBJC_WEAK = YES;
				CLANG_WARN_BLOCK_CAPTURE_AUTORELEASING = YES;
				CLANG_WARN_BOOL_CONVERSION = YES;
				CLANG_WARN_COMMA = YES;
				CLANG_WARN_CONSTANT_CONVERSION = YES;
				CLANG_WARN_DEPRECATED_OBJC_IMPLEMENTATIONS = YES;
				CLANG_WARN_DIRECT_OBJC_ISA_USAGE = YES_ERROR;
				CLANG_WARN_DOCUMENTATION_COMMENTS = YES;
				CLANG_WARN_EMPTY_BODY = YES;
				CLANG_WARN_ENUM_CONVERSION = YES;
				CLANG_WARN_INFINITE_RECURSION = YES;
				CLANG_WARN_INT_CONVERSION = YES;
				CLANG_WARN_NON_LITERAL_NULL_CONVERSION = YES;
				CLANG_WARN_OBJC_IMPLICIT_RETAIN_SELF = YES;
				CLANG_WARN_OBJC_LITERAL_CONVERSION = YES;
				CLANG_WARN_OBJC_ROOT_CLASS = YES_ERROR;
				CLANG_WARN_RANGE_LOOP_ANALYSIS = YES;
				CLANG_WARN_STRICT_PROTOTYPES = YES;
				CLANG_WARN_SUSPICIOUS_MOVE = YES;
				CLANG_WARN_UNGUARDED_AVAILABILITY = YES_AGGRESSIVE;
				CLANG_WARN_UNREACHABLE_CODE = YES;
				CLANG_WARN__DUPLICATE_METHOD_MATCH = YES;
				COPY_PHASE_STRIP = NO;
				DEBUG_INFORMATION_FORMAT = "dwarf-with-dsym";
				ENABLE_NS_ASSERTIONS = NO;
				ENABLE_STRICT_OBJC_MSGSEND = YES;
				GCC_C_LANGUAGE_STANDARD = gnu11;
				GCC_NO_COMMON_BLOCKS = YES;
				GCC_WARN_64_TO_32_BIT_CONVERSION = YES;
				GCC_WARN_ABOUT_RETURN_TYPE = YES_ERROR;
				GCC_WARN_UNDECLARED_SELECTOR = YES;
				GCC_WARN_UNINITIALIZED_AUTOS = YES_AGGRESSIVE;
				GCC_WARN_UNUSED_FUNCTION = YES;
				GCC_WARN_UNUSED_VARIABLE = YES;
				IPHONEOS_DEPLOYMENT_TARGET = 13.4;
				MTL_ENABLE_DEBUG_INFO = NO;
				MTL_FAST_MATH = YES;
				SDKROOT = iphoneos;
				SWIFT_COMPILATION_MODE = wholemodule;
				SWIFT_OPTIMIZATION_LEVEL = "-O";
				VALIDATE_PRODUCT = YES;
			};
			name = Release;
		};
		2C6892DC244771E100F8CA71 /* Debug */ = {
			isa = XCBuildConfiguration;
			buildSettings = {
				ASSETCATALOG_COMPILER_APPICON_NAME = AppIcon;
				CODE_SIGN_STYLE = Automatic;
				DEVELOPMENT_ASSET_PATHS = "\"StoreKitReview/Preview Content\"";
				DEVELOPMENT_TEAM = Z8345E68DL;
				ENABLE_PREVIEWS = YES;
				INFOPLIST_FILE = StoreKitReview/Info.plist;
				LD_RUNPATH_SEARCH_PATHS = (
					"$(inherited)",
					"@executable_path/Frameworks",
				);
				PRODUCT_BUNDLE_IDENTIFIER = EGB.StoreKitReview;
				PRODUCT_NAME = "$(TARGET_NAME)";
				SWIFT_VERSION = 5.0;
				TARGETED_DEVICE_FAMILY = "1,2";
			};
			name = Debug;
		};
		2C6892DD244771E100F8CA71 /* Release */ = {
			isa = XCBuildConfiguration;
			buildSettings = {
				ASSETCATALOG_COMPILER_APPICON_NAME = AppIcon;
				CODE_SIGN_STYLE = Automatic;
				DEVELOPMENT_ASSET_PATHS = "\"StoreKitReview/Preview Content\"";
				DEVELOPMENT_TEAM = Z8345E68DL;
				ENABLE_PREVIEWS = YES;
				INFOPLIST_FILE = StoreKitReview/Info.plist;
				LD_RUNPATH_SEARCH_PATHS = (
					"$(inherited)",
					"@executable_path/Frameworks",
				);
				PRODUCT_BUNDLE_IDENTIFIER = EGB.StoreKitReview;
				PRODUCT_NAME = "$(TARGET_NAME)";
				SWIFT_VERSION = 5.0;
				TARGETED_DEVICE_FAMILY = "1,2";
			};
			name = Release;
		};
/* End XCBuildConfiguration section */

/* Begin XCConfigurationList section */
		2C6892C2244771DE00F8CA71 /* Build configuration list for PBXProject "StoreKitReview" */ = {
			isa = XCConfigurationList;
			buildConfigurations = (
				2C6892D9244771E100F8CA71 /* Debug */,
				2C6892DA244771E100F8CA71 /* Release */,
			);
			defaultConfigurationIsVisible = 0;
			defaultConfigurationName = Release;
		};
		2C6892DB244771E100F8CA71 /* Build configuration list for PBXNativeTarget "StoreKitReview" */ = {
			isa = XCConfigurationList;
			buildConfigurations = (
				2C6892DC244771E100F8CA71 /* Debug */,
				2C6892DD244771E100F8CA71 /* Release */,
			);
			defaultConfigurationIsVisible = 0;
			defaultConfigurationName = Release;
		};
/* End XCConfigurationList section */
	};
	rootObject = 2C6892BF244771DE00F8CA71 /* Project object */;
}
